
Microsoft Visual Studio Solution File, Format Version 12.00
# Visual Studio Version 17
VisualStudioVersion = 17.5.002.0
MinimumVisualStudioVersion = 10.0.40219.1
Project("{9A19103F-16F7-4668-BE54-9A1E7A4F7556}") = "InsertKph", "InsertKph.csproj", "{0A111A86-5AEC-48FE-9164-E8BDDD620BDA}"
EndProject
Global
	GlobalSection(SolutionConfigurationPlatforms) = preSolution
		Debug|Any CPU = Debug|Any CPU
		Release|Any CPU = Release|Any CPU
	EndGlobalSection
	GlobalSection(ProjectConfigurationPlatforms) = postSolution
		{0A111A86-5AEC-48FE-9164-E8BDDD620BDA}.Debug|Any CPU.ActiveCfg = Debug|Any CPU
		{0A111A86-5AEC-48FE-9164-E8BDDD620BDA}.Debug|Any CPU.Build.0 = Debug|Any CPU
		{0A111A86-5AEC-48FE-9164-E8BDDD620BDA}.Release|Any CPU.ActiveCfg = Release|Any CPU
		{0A111A86-5AEC-48FE-9164-E8BDDD620BDA}.Release|Any CPU.Build.0 = Release|Any CPU
	EndGlobalSection
	GlobalSection(SolutionProperties) = preSolution
		HideSolutionNode = FALSE
	EndGlobalSection
	GlobalSection(ExtensibilityGlobals) = postSolution
		SolutionGuid = {BE9DF843-5415-4708-8C29-6DFFCF603F6D}
	EndGlobalSection
EndGlobal
